// !$*UTF8*$!
{
	archiveVersion = 1;
	classes = {
	};
	objectVersion = 56;
	objects = {

/* Begin PBXBuildFile section */
		7B4255E32A32091D00600024 /* SideMenuModel.swift in Sources */ = {isa = PBXBuildFile; fileRef = 7B4255E22A32091D00600024 /* SideMenuModel.swift */; };
		7B4255E72A32223300600024 /* DetailView.swift in Sources */ = {isa = PBXBuildFile; fileRef = 7B4255E62A32223300600024 /* DetailView.swift */; };
		7B4255EA2A324F9300600024 /* launchScreenAnimation.json in Resources */ = {isa = PBXBuildFile; fileRef = 7B4255E92A324F9300600024 /* launchScreenAnimation.json */; };
		7B4255ED2A3252A300600024 /* Lottie in Frameworks */ = {isa = PBXBuildFile; productRef = 7B4255EC2A3252A300600024 /* Lottie */; };
		7B4255F22A32546400600024 /* LootieAnimationView.swift in Sources */ = {isa = PBXBuildFile; fileRef = 7B4255F12A32546400600024 /* LootieAnimationView.swift */; };
		7B4255F62A325A7300600024 /* xMark.json in Resources */ = {isa = PBXBuildFile; fileRef = 7B4255F52A325A7300600024 /* xMark.json */; };
		7B4255F82A33533200600024 /* SegmentedControlView.swift in Sources */ = {isa = PBXBuildFile; fileRef = 7B4255F72A33533200600024 /* SegmentedControlView.swift */; };
		7B5D7B362A2E4293003A9C7B /* MarketOnYourDoorApp.swift in Sources */ = {isa = PBXBuildFile; fileRef = 7B5D7B352A2E4293003A9C7B /* MarketOnYourDoorApp.swift */; };
		7B5D7B382A2E4293003A9C7B /* ContentView.swift in Sources */ = {isa = PBXBuildFile; fileRef = 7B5D7B372A2E4293003A9C7B /* ContentView.swift */; };
		7B5D7B3A2A2E4294003A9C7B /* Assets.xcassets in Resources */ = {isa = PBXBuildFile; fileRef = 7B5D7B392A2E4294003A9C7B /* Assets.xcassets */; };
		7B5D7B3D2A2E4294003A9C7B /* Preview Assets.xcassets in Resources */ = {isa = PBXBuildFile; fileRef = 7B5D7B3C2A2E4294003A9C7B /* Preview Assets.xcassets */; };
		7B5D7B4F2A2E43D4003A9C7B /* Color.swift in Sources */ = {isa = PBXBuildFile; fileRef = 7B5D7B4E2A2E43D4003A9C7B /* Color.swift */; };
		7B5D7B552A2E4442003A9C7B /* CampaignViewCell.swift in Sources */ = {isa = PBXBuildFile; fileRef = 7B5D7B542A2E4442003A9C7B /* CampaignViewCell.swift */; };
		7B5D7B572A2E4464003A9C7B /* CompanyViewCell.swift in Sources */ = {isa = PBXBuildFile; fileRef = 7B5D7B562A2E4464003A9C7B /* CompanyViewCell.swift */; };
		7B5D7B592A2E447C003A9C7B /* ExtraArgumentView.swift in Sources */ = {isa = PBXBuildFile; fileRef = 7B5D7B582A2E447C003A9C7B /* ExtraArgumentView.swift */; };
		7B5D7B5B2A2E4495003A9C7B /* ProductStarView.swift in Sources */ = {isa = PBXBuildFile; fileRef = 7B5D7B5A2A2E4495003A9C7B /* ProductStarView.swift */; };
		7B5D7B5D2A2E44AA003A9C7B /* RectangleView.swift in Sources */ = {isa = PBXBuildFile; fileRef = 7B5D7B5C2A2E44AA003A9C7B /* RectangleView.swift */; };
		7B5D7B5F2A2E44D0003A9C7B /* ScrollableProductImageView.swift in Sources */ = {isa = PBXBuildFile; fileRef = 7B5D7B5E2A2E44D0003A9C7B /* ScrollableProductImageView.swift */; };
		7B5D7B612A2E4505003A9C7B /* ProductCollectionViewCell.swift in Sources */ = {isa = PBXBuildFile; fileRef = 7B5D7B602A2E4505003A9C7B /* ProductCollectionViewCell.swift */; };
		7B5D7B652A2E454E003A9C7B /* GeneralEnums.swift in Sources */ = {isa = PBXBuildFile; fileRef = 7B5D7B642A2E454E003A9C7B /* GeneralEnums.swift */; };
		7B5D7B702A2E459F003A9C7B /* ProductModel.swift in Sources */ = {isa = PBXBuildFile; fileRef = 7B5D7B6F2A2E459F003A9C7B /* ProductModel.swift */; };
		7B5D7B722A2E45A6003A9C7B /* CompanyModel.swift in Sources */ = {isa = PBXBuildFile; fileRef = 7B5D7B712A2E45A5003A9C7B /* CompanyModel.swift */; };
		7B5D7B742A2E45AC003A9C7B /* CampaignModel.swift in Sources */ = {isa = PBXBuildFile; fileRef = 7B5D7B732A2E45AC003A9C7B /* CampaignModel.swift */; };
		7B5D7B792A2E4626003A9C7B /* ProductsView.swift in Sources */ = {isa = PBXBuildFile; fileRef = 7B5D7B782A2E4626003A9C7B /* ProductsView.swift */; };
		7B5D7B7B2A2E464A003A9C7B /* HomeView.swift in Sources */ = {isa = PBXBuildFile; fileRef = 7B5D7B7A2A2E464A003A9C7B /* HomeView.swift */; };
		7B5D7B7D2A2E4671003A9C7B /* OpportunitiesRowView.swift in Sources */ = {isa = PBXBuildFile; fileRef = 7B5D7B7C2A2E4671003A9C7B /* OpportunitiesRowView.swift */; };
		7B5D7B802A2E469F003A9C7B /* AsyncImage.swift in Sources */ = {isa = PBXBuildFile; fileRef = 7B5D7B7F2A2E469F003A9C7B /* AsyncImage.swift */; };
		7B64CBE12A2E5663009CD6F2 /* KoliInformationView.swift in Sources */ = {isa = PBXBuildFile; fileRef = 7B64CBE02A2E5663009CD6F2 /* KoliInformationView.swift */; };
		7B64CBE32A2E5780009CD6F2 /* UnitInformationRectangleView.swift in Sources */ = {isa = PBXBuildFile; fileRef = 7B64CBE22A2E5780009CD6F2 /* UnitInformationRectangleView.swift */; };
		7B8729522A34B06800E9D950 /* SideMenuHeaderTitles.swift in Sources */ = {isa = PBXBuildFile; fileRef = 7B8729512A34B06800E9D950 /* SideMenuHeaderTitles.swift */; };
		7B8729542A34B0C800E9D950 /* SideMenuListProductsButton.swift in Sources */ = {isa = PBXBuildFile; fileRef = 7B8729532A34B0C800E9D950 /* SideMenuListProductsButton.swift */; };
		7B8729562A35FF7600E9D950 /* SideMenuEnums.swift in Sources */ = {isa = PBXBuildFile; fileRef = 7B8729552A35FF7600E9D950 /* SideMenuEnums.swift */; };
		7B8B22842A2E94AA001309EF /* AdetInformationView.swift in Sources */ = {isa = PBXBuildFile; fileRef = 7B8B22832A2E94AA001309EF /* AdetInformationView.swift */; };
		7B8B22862A2E9500001309EF /* PaketInformationView.swift in Sources */ = {isa = PBXBuildFile; fileRef = 7B8B22852A2E9500001309EF /* PaketInformationView.swift */; };
		7B8B22882A2E951D001309EF /* PaletInformationView.swift in Sources */ = {isa = PBXBuildFile; fileRef = 7B8B22872A2E951D001309EF /* PaletInformationView.swift */; };
		7B8B228A2A2EA61B001309EF /* UnitOfProductsEnum.swift in Sources */ = {isa = PBXBuildFile; fileRef = 7B8B22892A2EA61B001309EF /* UnitOfProductsEnum.swift */; };
		7B8E479F2A30B5BB003E59F1 /* SideMenuView.swift in Sources */ = {isa = PBXBuildFile; fileRef = 7B8E479E2A30B5BB003E59F1 /* SideMenuView.swift */; };
		7BDF9D1C2A2E4B2100434A2F /* AddToBasketButtomSheet.swift in Sources */ = {isa = PBXBuildFile; fileRef = 7BDF9D1B2A2E4B2100434A2F /* AddToBasketButtomSheet.swift */; };
/* End PBXBuildFile section */

/* Begin PBXFileReference section */
		7B4255E22A32091D00600024 /* SideMenuModel.swift */ = {isa = PBXFileReference; lastKnownFileType = sourcecode.swift; path = SideMenuModel.swift; sourceTree = "<group>"; };
		7B4255E62A32223300600024 /* DetailView.swift */ = {isa = PBXFileReference; lastKnownFileType = sourcecode.swift; path = DetailView.swift; sourceTree = "<group>"; };
		7B4255E92A324F9300600024 /* launchScreenAnimation.json */ = {isa = PBXFileReference; fileEncoding = 4; lastKnownFileType = text.json; name = launchScreenAnimation.json; path = MarketOnYourDoor/launchScreenAnimation.json; sourceTree = SOURCE_ROOT; };
		7B4255F12A32546400600024 /* LootieAnimationView.swift */ = {isa = PBXFileReference; lastKnownFileType = sourcecode.swift; path = LootieAnimationView.swift; sourceTree = "<group>"; };
		7B4255F52A325A7300600024 /* xMark.json */ = {isa = PBXFileReference; fileEncoding = 4; lastKnownFileType = text.json; name = xMark.json; path = MarketOnYourDoor/xMark.json; sourceTree = SOURCE_ROOT; };
		7B4255F72A33533200600024 /* SegmentedControlView.swift */ = {isa = PBXFileReference; lastKnownFileType = sourcecode.swift; path = SegmentedControlView.swift; sourceTree = "<group>"; };
		7B5D7B322A2E4293003A9C7B /* MarketOnYourDoor.app */ = {isa = PBXFileReference; explicitFileType = wrapper.application; includeInIndex = 0; path = MarketOnYourDoor.app; sourceTree = BUILT_PRODUCTS_DIR; };
		7B5D7B352A2E4293003A9C7B /* MarketOnYourDoorApp.swift */ = {isa = PBXFileReference; lastKnownFileType = sourcecode.swift; path = MarketOnYourDoorApp.swift; sourceTree = "<group>"; };
		7B5D7B372A2E4293003A9C7B /* ContentView.swift */ = {isa = PBXFileReference; lastKnownFileType = sourcecode.swift; path = ContentView.swift; sourceTree = "<group>"; };
		7B5D7B392A2E4294003A9C7B /* Assets.xcassets */ = {isa = PBXFileReference; lastKnownFileType = folder.assetcatalog; path = Assets.xcassets; sourceTree = "<group>"; };
		7B5D7B3C2A2E4294003A9C7B /* Preview Assets.xcassets */ = {isa = PBXFileReference; lastKnownFileType = folder.assetcatalog; path = "Preview Assets.xcassets"; sourceTree = "<group>"; };
		7B5D7B4E2A2E43D4003A9C7B /* Color.swift */ = {isa = PBXFileReference; lastKnownFileType = sourcecode.swift; path = Color.swift; sourceTree = "<group>"; };
		7B5D7B542A2E4442003A9C7B /* CampaignViewCell.swift */ = {isa = PBXFileReference; lastKnownFileType = sourcecode.swift; path = CampaignViewCell.swift; sourceTree = "<group>"; };
		7B5D7B562A2E4464003A9C7B /* CompanyViewCell.swift */ = {isa = PBXFileReference; lastKnownFileType = sourcecode.swift; path = CompanyViewCell.swift; sourceTree = "<group>"; };
		7B5D7B582A2E447C003A9C7B /* ExtraArgumentView.swift */ = {isa = PBXFileReference; lastKnownFileType = sourcecode.swift; path = ExtraArgumentView.swift; sourceTree = "<group>"; };
		7B5D7B5A2A2E4495003A9C7B /* ProductStarView.swift */ = {isa = PBXFileReference; lastKnownFileType = sourcecode.swift; path = ProductStarView.swift; sourceTree = "<group>"; };
		7B5D7B5C2A2E44AA003A9C7B /* RectangleView.swift */ = {isa = PBXFileReference; lastKnownFileType = sourcecode.swift; path = RectangleView.swift; sourceTree = "<group>"; };
		7B5D7B5E2A2E44D0003A9C7B /* ScrollableProductImageView.swift */ = {isa = PBXFileReference; lastKnownFileType = sourcecode.swift; path = ScrollableProductImageView.swift; sourceTree = "<group>"; };
		7B5D7B602A2E4505003A9C7B /* ProductCollectionViewCell.swift */ = {isa = PBXFileReference; lastKnownFileType = sourcecode.swift; path = ProductCollectionViewCell.swift; sourceTree = "<group>"; };
		7B5D7B642A2E454E003A9C7B /* GeneralEnums.swift */ = {isa = PBXFileReference; lastKnownFileType = sourcecode.swift; path = GeneralEnums.swift; sourceTree = "<group>"; };
		7B5D7B6F2A2E459F003A9C7B /* ProductModel.swift */ = {isa = PBXFileReference; lastKnownFileType = sourcecode.swift; name = ProductModel.swift; path = MarketOnYourDoor/Enums/ProductModel.swift; sourceTree = SOURCE_ROOT; };
		7B5D7B712A2E45A5003A9C7B /* CompanyModel.swift */ = {isa = PBXFileReference; lastKnownFileType = sourcecode.swift; name = CompanyModel.swift; path = MarketOnYourDoor/Enums/CompanyModel.swift; sourceTree = SOURCE_ROOT; };
		7B5D7B732A2E45AC003A9C7B /* CampaignModel.swift */ = {isa = PBXFileReference; lastKnownFileType = sourcecode.swift; name = CampaignModel.swift; path = MarketOnYourDoor/Enums/CampaignModel.swift; sourceTree = SOURCE_ROOT; };
		7B5D7B782A2E4626003A9C7B /* ProductsView.swift */ = {isa = PBXFileReference; lastKnownFileType = sourcecode.swift; path = ProductsView.swift; sourceTree = "<group>"; };
		7B5D7B7A2A2E464A003A9C7B /* HomeView.swift */ = {isa = PBXFileReference; lastKnownFileType = sourcecode.swift; path = HomeView.swift; sourceTree = "<group>"; };
		7B5D7B7C2A2E4671003A9C7B /* OpportunitiesRowView.swift */ = {isa = PBXFileReference; lastKnownFileType = sourcecode.swift; path = OpportunitiesRowView.swift; sourceTree = "<group>"; };
		7B5D7B7F2A2E469F003A9C7B /* AsyncImage.swift */ = {isa = PBXFileReference; lastKnownFileType = sourcecode.swift; path = AsyncImage.swift; sourceTree = "<group>"; };
		7B64CBE02A2E5663009CD6F2 /* KoliInformationView.swift */ = {isa = PBXFileReference; lastKnownFileType = sourcecode.swift; path = KoliInformationView.swift; sourceTree = "<group>"; };
		7B64CBE22A2E5780009CD6F2 /* UnitInformationRectangleView.swift */ = {isa = PBXFileReference; lastKnownFileType = sourcecode.swift; path = UnitInformationRectangleView.swift; sourceTree = "<group>"; };
		7B8729512A34B06800E9D950 /* SideMenuHeaderTitles.swift */ = {isa = PBXFileReference; lastKnownFileType = sourcecode.swift; path = SideMenuHeaderTitles.swift; sourceTree = "<group>"; };
		7B8729532A34B0C800E9D950 /* SideMenuListProductsButton.swift */ = {isa = PBXFileReference; lastKnownFileType = sourcecode.swift; path = SideMenuListProductsButton.swift; sourceTree = "<group>"; };
		7B8729552A35FF7600E9D950 /* SideMenuEnums.swift */ = {isa = PBXFileReference; lastKnownFileType = sourcecode.swift; path = SideMenuEnums.swift; sourceTree = "<group>"; };
		7B8B22832A2E94AA001309EF /* AdetInformationView.swift */ = {isa = PBXFileReference; lastKnownFileType = sourcecode.swift; path = AdetInformationView.swift; sourceTree = "<group>"; };
		7B8B22852A2E9500001309EF /* PaketInformationView.swift */ = {isa = PBXFileReference; lastKnownFileType = sourcecode.swift; path = PaketInformationView.swift; sourceTree = "<group>"; };
		7B8B22872A2E951D001309EF /* PaletInformationView.swift */ = {isa = PBXFileReference; lastKnownFileType = sourcecode.swift; path = PaletInformationView.swift; sourceTree = "<group>"; };
		7B8B22892A2EA61B001309EF /* UnitOfProductsEnum.swift */ = {isa = PBXFileReference; lastKnownFileType = sourcecode.swift; path = UnitOfProductsEnum.swift; sourceTree = "<group>"; };
		7B8E479E2A30B5BB003E59F1 /* SideMenuView.swift */ = {isa = PBXFileReference; lastKnownFileType = sourcecode.swift; path = SideMenuView.swift; sourceTree = "<group>"; };
		7BDF9D1B2A2E4B2100434A2F /* AddToBasketButtomSheet.swift */ = {isa = PBXFileReference; lastKnownFileType = sourcecode.swift; path = AddToBasketButtomSheet.swift; sourceTree = "<group>"; };
/* End PBXFileReference section */

/* Begin PBXFrameworksBuildPhase section */
		7B5D7B2F2A2E4293003A9C7B /* Frameworks */ = {
			isa = PBXFrameworksBuildPhase;
			buildActionMask = 2147483647;
			files = (
				7B4255ED2A3252A300600024 /* Lottie in Frameworks */,
			);
			runOnlyForDeploymentPostprocessing = 0;
		};
/* End PBXFrameworksBuildPhase section */

/* Begin PBXGroup section */
		7B4255E82A324F8300600024 /* JSON_AnimationFiles */ = {
			isa = PBXGroup;
			children = (
				7B4255F52A325A7300600024 /* xMark.json */,
				7B4255E92A324F9300600024 /* launchScreenAnimation.json */,
			);
			path = JSON_AnimationFiles;
			sourceTree = "<group>";
		};
		7B4255F32A3256D100600024 /* Resources */ = {
			isa = PBXGroup;
			children = (
				7B5D7B352A2E4293003A9C7B /* MarketOnYourDoorApp.swift */,
				7B5D7B372A2E4293003A9C7B /* ContentView.swift */,
				7B5D7B392A2E4294003A9C7B /* Assets.xcassets */,
			);
			path = Resources;
			sourceTree = "<group>";
		};
		7B4255F42A3256EF00600024 /* Animation */ = {
			isa = PBXGroup;
			children = (
				7B4255F12A32546400600024 /* LootieAnimationView.swift */,
			);
			path = Animation;
			sourceTree = "<group>";
		};
		7B5D7B292A2E4293003A9C7B = {
			isa = PBXGroup;
			children = (
				7B5D7B342A2E4293003A9C7B /* MarketOnYourDoor */,
				7B5D7B332A2E4293003A9C7B /* Products */,
			);
			sourceTree = "<group>";
		};
		7B5D7B332A2E4293003A9C7B /* Products */ = {
			isa = PBXGroup;
			children = (
				7B5D7B322A2E4293003A9C7B /* MarketOnYourDoor.app */,
			);
			name = Products;
			sourceTree = "<group>";
		};
		7B5D7B342A2E4293003A9C7B /* MarketOnYourDoor */ = {
			isa = PBXGroup;
			children = (
				7B5D7B4D2A2E43BC003A9C7B /* Extensions */,
				7B5D7B502A2E4400003A9C7B /* GeneralCells */,
				7B5D7B632A2E453B003A9C7B /* Enums */,
				7B5D7B662A2E4564003A9C7B /* Models */,
				7B5D7B752A2E45EE003A9C7B /* Views */,
				7B5D7B7E2A2E4690003A9C7B /* Core */,
				7B4255F42A3256EF00600024 /* Animation */,
				7B4255F32A3256D100600024 /* Resources */,
				7B4255E82A324F8300600024 /* JSON_AnimationFiles */,
				7B5D7B3B2A2E4294003A9C7B /* Preview Content */,
			);
			path = MarketOnYourDoor;
			sourceTree = "<group>";
		};
		7B5D7B3B2A2E4294003A9C7B /* Preview Content */ = {
			isa = PBXGroup;
			children = (
				7B5D7B3C2A2E4294003A9C7B /* Preview Assets.xcassets */,
			);
			path = "Preview Content";
			sourceTree = "<group>";
		};
		7B5D7B4D2A2E43BC003A9C7B /* Extensions */ = {
			isa = PBXGroup;
			children = (
				7B5D7B4E2A2E43D4003A9C7B /* Color.swift */,
			);
			path = Extensions;
			sourceTree = "<group>";
		};
		7B5D7B502A2E4400003A9C7B /* GeneralCells */ = {
			isa = PBXGroup;
			children = (
				7B5D7B532A2E4426003A9C7B /* CampaignViewCell */,
				7B5D7B522A2E441E003A9C7B /* CompanyViewCell */,
				7B5D7B512A2E440F003A9C7B /* ProductCollectionViewCell */,
			);
			path = GeneralCells;
			sourceTree = "<group>";
		};
		7B5D7B512A2E440F003A9C7B /* ProductCollectionViewCell */ = {
			isa = PBXGroup;
			children = (
				7B5D7B582A2E447C003A9C7B /* ExtraArgumentView.swift */,
				7B5D7B5A2A2E4495003A9C7B /* ProductStarView.swift */,
				7B5D7B5C2A2E44AA003A9C7B /* RectangleView.swift */,
				7B5D7B5E2A2E44D0003A9C7B /* ScrollableProductImageView.swift */,
				7B5D7B602A2E4505003A9C7B /* ProductCollectionViewCell.swift */,
			);
			path = ProductCollectionViewCell;
			sourceTree = "<group>";
		};
		7B5D7B522A2E441E003A9C7B /* CompanyViewCell */ = {
			isa = PBXGroup;
			children = (
				7B5D7B562A2E4464003A9C7B /* CompanyViewCell.swift */,
			);
			path = CompanyViewCell;
			sourceTree = "<group>";
		};
		7B5D7B532A2E4426003A9C7B /* CampaignViewCell */ = {
			isa = PBXGroup;
			children = (
				7B5D7B542A2E4442003A9C7B /* CampaignViewCell.swift */,
			);
			path = CampaignViewCell;
			sourceTree = "<group>";
		};
		7B5D7B632A2E453B003A9C7B /* Enums */ = {
			isa = PBXGroup;
			children = (
				7B5D7B642A2E454E003A9C7B /* GeneralEnums.swift */,
				7B8B22892A2EA61B001309EF /* UnitOfProductsEnum.swift */,
				7B8729552A35FF7600E9D950 /* SideMenuEnums.swift */,
			);
			path = Enums;
			sourceTree = "<group>";
		};
		7B5D7B662A2E4564003A9C7B /* Models */ = {
			isa = PBXGroup;
			children = (
				7B5D7B6F2A2E459F003A9C7B /* ProductModel.swift */,
				7B5D7B712A2E45A5003A9C7B /* CompanyModel.swift */,
				7B5D7B732A2E45AC003A9C7B /* CampaignModel.swift */,
				7B4255E22A32091D00600024 /* SideMenuModel.swift */,
			);
			name = Models;
			path = Models/Models;
			sourceTree = "<group>";
		};
		7B5D7B752A2E45EE003A9C7B /* Views */ = {
			isa = PBXGroup;
			children = (
				7B5D7B762A2E45FE003A9C7B /* Products */,
				7B5D7B772A2E4602003A9C7B /* Home */,
			);
			path = Views;
			sourceTree = "<group>";
		};
		7B5D7B762A2E45FE003A9C7B /* Products */ = {
			isa = PBXGroup;
			children = (
				7BDF9D1A2A2E4B0E00434A2F /* ButtomSheet */,
				7B5D7B782A2E4626003A9C7B /* ProductsView.swift */,
			);
			path = Products;
			sourceTree = "<group>";
		};
		7B5D7B772A2E4602003A9C7B /* Home */ = {
			isa = PBXGroup;
			children = (
				7B8E479D2A30B5B0003E59F1 /* SideMenuView */,
				7B5D7B7A2A2E464A003A9C7B /* HomeView.swift */,
				7B5D7B7C2A2E4671003A9C7B /* OpportunitiesRowView.swift */,
			);
			path = Home;
			sourceTree = "<group>";
		};
		7B5D7B7E2A2E4690003A9C7B /* Core */ = {
			isa = PBXGroup;
			children = (
				7B5D7B7F2A2E469F003A9C7B /* AsyncImage.swift */,
			);
			path = Core;
			sourceTree = "<group>";
		};
		7B8B22822A2E9496001309EF /* UnitViews */ = {
			isa = PBXGroup;
			children = (
				7B64CBE02A2E5663009CD6F2 /* KoliInformationView.swift */,
				7B8B22832A2E94AA001309EF /* AdetInformationView.swift */,
				7B8B22852A2E9500001309EF /* PaketInformationView.swift */,
				7B8B22872A2E951D001309EF /* PaletInformationView.swift */,
			);
			path = UnitViews;
			sourceTree = "<group>";
		};
		7B8E479D2A30B5B0003E59F1 /* SideMenuView */ = {
			isa = PBXGroup;
			children = (
				7B8E479E2A30B5BB003E59F1 /* SideMenuView.swift */,
				7B4255E62A32223300600024 /* DetailView.swift */,
				7B4255F72A33533200600024 /* SegmentedControlView.swift */,
				7B8729512A34B06800E9D950 /* SideMenuHeaderTitles.swift */,
				7B8729532A34B0C800E9D950 /* SideMenuListProductsButton.swift */,
			);
			path = SideMenuView;
			sourceTree = "<group>";
		};
		7BDF9D1A2A2E4B0E00434A2F /* ButtomSheet */ = {
			isa = PBXGroup;
			children = (
				7BDF9D1B2A2E4B2100434A2F /* AddToBasketButtomSheet.swift */,
				7B8B22822A2E9496001309EF /* UnitViews */,
				7B64CBE22A2E5780009CD6F2 /* UnitInformationRectangleView.swift */,
			);
			path = ButtomSheet;
			sourceTree = "<group>";
		};
/* End PBXGroup section */

/* Begin PBXNativeTarget section */
		7B5D7B312A2E4293003A9C7B /* MarketOnYourDoor */ = {
			isa = PBXNativeTarget;
			buildConfigurationList = 7B5D7B402A2E4294003A9C7B /* Build configuration list for PBXNativeTarget "MarketOnYourDoor" */;
			buildPhases = (
				7B5D7B2E2A2E4293003A9C7B /* Sources */,
				7B5D7B2F2A2E4293003A9C7B /* Frameworks */,
				7B5D7B302A2E4293003A9C7B /* Resources */,
			);
			buildRules = (
			);
			dependencies = (
			);
			name = MarketOnYourDoor;
			packageProductDependencies = (
				7B4255EC2A3252A300600024 /* Lottie */,
			);
			productName = MarketOnYourDoor;
			productReference = 7B5D7B322A2E4293003A9C7B /* MarketOnYourDoor.app */;
			productType = "com.apple.product-type.application";
		};
/* End PBXNativeTarget section */

/* Begin PBXProject section */
		7B5D7B2A2A2E4293003A9C7B /* Project object */ = {
			isa = PBXProject;
			attributes = {
				BuildIndependentTargetsInParallel = 1;
				LastSwiftUpdateCheck = 1400;
				LastUpgradeCheck = 1400;
				TargetAttributes = {
					7B5D7B312A2E4293003A9C7B = {
						CreatedOnToolsVersion = 14.0;
					};
				};
			};
			buildConfigurationList = 7B5D7B2D2A2E4293003A9C7B /* Build configuration list for PBXProject "MarketOnYourDoor" */;
			compatibilityVersion = "Xcode 14.0";
			developmentRegion = en;
			hasScannedForEncodings = 0;
			knownRegions = (
				en,
				Base,
			);
			mainGroup = 7B5D7B292A2E4293003A9C7B;
			packageReferences = (
				7B4255EB2A3252A300600024 /* XCRemoteSwiftPackageReference "lottie-ios" */,
			);
			productRefGroup = 7B5D7B332A2E4293003A9C7B /* Products */;
			projectDirPath = "";
			projectRoot = "";
			targets = (
				7B5D7B312A2E4293003A9C7B /* MarketOnYourDoor */,
			);
		};
/* End PBXProject section */

/* Begin PBXResourcesBuildPhase section */
		7B5D7B302A2E4293003A9C7B /* Resources */ = {
			isa = PBXResourcesBuildPhase;
			buildActionMask = 2147483647;
			files = (
				7B5D7B3D2A2E4294003A9C7B /* Preview Assets.xcassets in Resources */,
				7B4255F62A325A7300600024 /* xMark.json in Resources */,
				7B4255EA2A324F9300600024 /* launchScreenAnimation.json in Resources */,
				7B5D7B3A2A2E4294003A9C7B /* Assets.xcassets in Resources */,
			);
			runOnlyForDeploymentPostprocessing = 0;
		};
/* End PBXResourcesBuildPhase section */

/* Begin PBXSourcesBuildPhase section */
		7B5D7B2E2A2E4293003A9C7B /* Sources */ = {
			isa = PBXSourcesBuildPhase;
			buildActionMask = 2147483647;
			files = (
				7B5D7B572A2E4464003A9C7B /* CompanyViewCell.swift in Sources */,
				7B5D7B552A2E4442003A9C7B /* CampaignViewCell.swift in Sources */,
				7B8729542A34B0C800E9D950 /* SideMenuListProductsButton.swift in Sources */,
				7B5D7B7D2A2E4671003A9C7B /* OpportunitiesRowView.swift in Sources */,
				7B5D7B612A2E4505003A9C7B /* ProductCollectionViewCell.swift in Sources */,
				7B4255E32A32091D00600024 /* SideMenuModel.swift in Sources */,
				7B8B22882A2E951D001309EF /* PaletInformationView.swift in Sources */,
				7B5D7B382A2E4293003A9C7B /* ContentView.swift in Sources */,
				7B64CBE32A2E5780009CD6F2 /* UnitInformationRectangleView.swift in Sources */,
				7B5D7B5F2A2E44D0003A9C7B /* ScrollableProductImageView.swift in Sources */,
				7B8729562A35FF7600E9D950 /* SideMenuEnums.swift in Sources */,
				7B8B228A2A2EA61B001309EF /* UnitOfProductsEnum.swift in Sources */,
				7B4255F22A32546400600024 /* LootieAnimationView.swift in Sources */,
				7B5D7B652A2E454E003A9C7B /* GeneralEnums.swift in Sources */,
				7B5D7B722A2E45A6003A9C7B /* CompanyModel.swift in Sources */,
				7B5D7B362A2E4293003A9C7B /* MarketOnYourDoorApp.swift in Sources */,
				7B64CBE12A2E5663009CD6F2 /* KoliInformationView.swift in Sources */,
				7B8B22862A2E9500001309EF /* PaketInformationView.swift in Sources */,
				7B5D7B702A2E459F003A9C7B /* ProductModel.swift in Sources */,
				7B5D7B802A2E469F003A9C7B /* AsyncImage.swift in Sources */,
				7B4255E72A32223300600024 /* DetailView.swift in Sources */,
				7B8729522A34B06800E9D950 /* SideMenuHeaderTitles.swift in Sources */,
				7B8E479F2A30B5BB003E59F1 /* SideMenuView.swift in Sources */,
				7B5D7B592A2E447C003A9C7B /* ExtraArgumentView.swift in Sources */,
				7B5D7B4F2A2E43D4003A9C7B /* Color.swift in Sources */,
				7B5D7B742A2E45AC003A9C7B /* CampaignModel.swift in Sources */,
				7BDF9D1C2A2E4B2100434A2F /* AddToBasketButtomSheet.swift in Sources */,
				7B5D7B5D2A2E44AA003A9C7B /* RectangleView.swift in Sources */,
				7B4255F82A33533200600024 /* SegmentedControlView.swift in Sources */,
				7B5D7B7B2A2E464A003A9C7B /* HomeView.swift in Sources */,
				7B5D7B5B2A2E4495003A9C7B /* ProductStarView.swift in Sources */,
				7B5D7B792A2E4626003A9C7B /* ProductsView.swift in Sources */,
				7B8B22842A2E94AA001309EF /* AdetInformationView.swift in Sources */,
			);
			runOnlyForDeploymentPostprocessing = 0;
		};
/* End PBXSourcesBuildPhase section */

/* Begin XCBuildConfiguration section */
		7B5D7B3E2A2E4294003A9C7B /* Debug */ = {
			isa = XCBuildConfiguration;
			buildSettings = {
				ALWAYS_SEARCH_USER_PATHS = NO;
				CLANG_ANALYZER_NONNULL = YES;
				CLANG_ANALYZER_NUMBER_OBJECT_CONVERSION = YES_AGGRESSIVE;
				CLANG_CXX_LANGUAGE_STANDARD = "gnu++20";
				CLANG_ENABLE_MODULES = YES;
				CLANG_ENABLE_OBJC_ARC = YES;
				CLANG_ENABLE_OBJC_WEAK = YES;
				CLANG_WARN_BLOCK_CAPTURE_AUTORELEASING = YES;
				CLANG_WARN_BOOL_CONVERSION = YES;
				CLANG_WARN_COMMA = YES;
				CLANG_WARN_CONSTANT_CONVERSION = YES;
				CLANG_WARN_DEPRECATED_OBJC_IMPLEMENTATIONS = YES;
				CLANG_WARN_DIRECT_OBJC_ISA_USAGE = YES_ERROR;
				CLANG_WARN_DOCUMENTATION_COMMENTS = YES;
				CLANG_WARN_EMPTY_BODY = YES;
				CLANG_WARN_ENUM_CONVERSION = YES;
				CLANG_WARN_INFINITE_RECURSION = YES;
				CLANG_WARN_INT_CONVERSION = YES;
				CLANG_WARN_NON_LITERAL_NULL_CONVERSION = YES;
				CLANG_WARN_OBJC_IMPLICIT_RETAIN_SELF = YES;
				CLANG_WARN_OBJC_LITERAL_CONVERSION = YES;
				CLANG_WARN_OBJC_ROOT_CLASS = YES_ERROR;
				CLANG_WARN_QUOTED_INCLUDE_IN_FRAMEWORK_HEADER = YES;
				CLANG_WARN_RANGE_LOOP_ANALYSIS = YES;
				CLANG_WARN_STRICT_PROTOTYPES = YES;
				CLANG_WARN_SUSPICIOUS_MOVE = YES;
				CLANG_WARN_UNGUARDED_AVAILABILITY = YES_AGGRESSIVE;
				CLANG_WARN_UNREACHABLE_CODE = YES;
				CLANG_WARN__DUPLICATE_METHOD_MATCH = YES;
				COPY_PHASE_STRIP = NO;
				DEBUG_INFORMATION_FORMAT = dwarf;
				ENABLE_STRICT_OBJC_MSGSEND = YES;
				ENABLE_TESTABILITY = YES;
				GCC_C_LANGUAGE_STANDARD = gnu11;
				GCC_DYNAMIC_NO_PIC = NO;
				GCC_NO_COMMON_BLOCKS = YES;
				GCC_OPTIMIZATION_LEVEL = 0;
				GCC_PREPROCESSOR_DEFINITIONS = (
					"DEBUG=1",
					"$(inherited)",
				);
				GCC_WARN_64_TO_32_BIT_CONVERSION = YES;
				GCC_WARN_ABOUT_RETURN_TYPE = YES_ERROR;
				GCC_WARN_UNDECLARED_SELECTOR = YES;
				GCC_WARN_UNINITIALIZED_AUTOS = YES_AGGRESSIVE;
				GCC_WARN_UNUSED_FUNCTION = YES;
				GCC_WARN_UNUSED_VARIABLE = YES;
				IPHONEOS_DEPLOYMENT_TARGET = 16.0;
				MTL_ENABLE_DEBUG_INFO = INCLUDE_SOURCE;
				MTL_FAST_MATH = YES;
				ONLY_ACTIVE_ARCH = YES;
				SDKROOT = iphoneos;
				SWIFT_ACTIVE_COMPILATION_CONDITIONS = DEBUG;
				SWIFT_OPTIMIZATION_LEVEL = "-Onone";
			};
			name = Debug;
		};
		7B5D7B3F2A2E4294003A9C7B /* Release */ = {
			isa = XCBuildConfiguration;
			buildSettings = {
				ALWAYS_SEARCH_USER_PATHS = NO;
				CLANG_ANALYZER_NONNULL = YES;
				CLANG_ANALYZER_NUMBER_OBJECT_CONVERSION = YES_AGGRESSIVE;
				CLANG_CXX_LANGUAGE_STANDARD = "gnu++20";
				CLANG_ENABLE_MODULES = YES;
				CLANG_ENABLE_OBJC_ARC = YES;
				CLANG_ENABLE_OBJC_WEAK = YES;
				CLANG_WARN_BLOCK_CAPTURE_AUTORELEASING = YES;
				CLANG_WARN_BOOL_CONVERSION = YES;
				CLANG_WARN_COMMA = YES;
				CLANG_WARN_CONSTANT_CONVERSION = YES;
				CLANG_WARN_DEPRECATED_OBJC_IMPLEMENTATIONS = YES;
				CLANG_WARN_DIRECT_OBJC_ISA_USAGE = YES_ERROR;
				CLANG_WARN_DOCUMENTATION_COMMENTS = YES;
				CLANG_WARN_EMPTY_BODY = YES;
				CLANG_WARN_ENUM_CONVERSION = YES;
				CLANG_WARN_INFINITE_RECURSION = YES;
				CLANG_WARN_INT_CONVERSION = YES;
				CLANG_WARN_NON_LITERAL_NULL_CONVERSION = YES;
				CLANG_WARN_OBJC_IMPLICIT_RETAIN_SELF = YES;
				CLANG_WARN_OBJC_LITERAL_CONVERSION = YES;
				CLANG_WARN_OBJC_ROOT_CLASS = YES_ERROR;
				CLANG_WARN_QUOTED_INCLUDE_IN_FRAMEWORK_HEADER = YES;
				CLANG_WARN_RANGE_LOOP_ANALYSIS = YES;
				CLANG_WARN_STRICT_PROTOTYPES = YES;
				CLANG_WARN_SUSPICIOUS_MOVE = YES;
				CLANG_WARN_UNGUARDED_AVAILABILITY = YES_AGGRESSIVE;
				CLANG_WARN_UNREACHABLE_CODE = YES;
				CLANG_WARN__DUPLICATE_METHOD_MATCH = YES;
				COPY_PHASE_STRIP = NO;
				DEBUG_INFORMATION_FORMAT = "dwarf-with-dsym";
				ENABLE_NS_ASSERTIONS = NO;
				ENABLE_STRICT_OBJC_MSGSEND = YES;
				GCC_C_LANGUAGE_STANDARD = gnu11;
				GCC_NO_COMMON_BLOCKS = YES;
				GCC_WARN_64_TO_32_BIT_CONVERSION = YES;
				GCC_WARN_ABOUT_RETURN_TYPE = YES_ERROR;
				GCC_WARN_UNDECLARED_SELECTOR = YES;
				GCC_WARN_UNINITIALIZED_AUTOS = YES_AGGRESSIVE;
				GCC_WARN_UNUSED_FUNCTION = YES;
				GCC_WARN_UNUSED_VARIABLE = YES;
				IPHONEOS_DEPLOYMENT_TARGET = 16.0;
				MTL_ENABLE_DEBUG_INFO = NO;
				MTL_FAST_MATH = YES;
				SDKROOT = iphoneos;
				SWIFT_COMPILATION_MODE = wholemodule;
				SWIFT_OPTIMIZATION_LEVEL = "-O";
				VALIDATE_PRODUCT = YES;
			};
			name = Release;
		};
		7B5D7B412A2E4294003A9C7B /* Debug */ = {
			isa = XCBuildConfiguration;
			buildSettings = {
				ASSETCATALOG_COMPILER_APPICON_NAME = AppIcon;
				ASSETCATALOG_COMPILER_GLOBAL_ACCENT_COLOR_NAME = AccentColor;
				CODE_SIGN_STYLE = Automatic;
				CURRENT_PROJECT_VERSION = 1;
				DEVELOPMENT_ASSET_PATHS = "\"MarketOnYourDoor/Preview Content\"";
				DEVELOPMENT_TEAM = KTK732WRHB;
				ENABLE_PREVIEWS = YES;
				GENERATE_INFOPLIST_FILE = YES;
				INFOPLIST_KEY_UIApplicationSceneManifest_Generation = YES;
				INFOPLIST_KEY_UIApplicationSupportsIndirectInputEvents = YES;
				INFOPLIST_KEY_UILaunchScreen_Generation = YES;
				INFOPLIST_KEY_UISupportedInterfaceOrientations_iPad = "UIInterfaceOrientationPortrait UIInterfaceOrientationPortraitUpsideDown UIInterfaceOrientationLandscapeLeft UIInterfaceOrientationLandscapeRight";
				INFOPLIST_KEY_UISupportedInterfaceOrientations_iPhone = "UIInterfaceOrientationPortrait UIInterfaceOrientationLandscapeLeft UIInterfaceOrientationLandscapeRight";
				LD_RUNPATH_SEARCH_PATHS = (
					"$(inherited)",
					"@executable_path/Frameworks",
				);
				MARKETING_VERSION = 1.0;
				PRODUCT_BUNDLE_IDENTIFIER = com.allymationes.MarketOnYourDoor;
				PRODUCT_NAME = "$(TARGET_NAME)";
				SWIFT_EMIT_LOC_STRINGS = YES;
				SWIFT_VERSION = 5.0;
				TARGETED_DEVICE_FAMILY = "1,2";
			};
			name = Debug;
		};
		7B5D7B422A2E4294003A9C7B /* Release */ = {
			isa = XCBuildConfiguration;
			buildSettings = {
				ASSETCATALOG_COMPILER_APPICON_NAME = AppIcon;
				ASSETCATALOG_COMPILER_GLOBAL_ACCENT_COLOR_NAME = AccentColor;
				CODE_SIGN_STYLE = Automatic;
				CURRENT_PROJECT_VERSION = 1;
				DEVELOPMENT_ASSET_PATHS = "\"MarketOnYourDoor/Preview Content\"";
				DEVELOPMENT_TEAM = KTK732WRHB;
				ENABLE_PREVIEWS = YES;
				GENERATE_INFOPLIST_FILE = YES;
				INFOPLIST_KEY_UIApplicationSceneManifest_Generation = YES;
				INFOPLIST_KEY_UIApplicationSupportsIndirectInputEvents = YES;
				INFOPLIST_KEY_UILaunchScreen_Generation = YES;
				INFOPLIST_KEY_UISupportedInterfaceOrientations_iPad = "UIInterfaceOrientationPortrait UIInterfaceOrientationPortraitUpsideDown UIInterfaceOrientationLandscapeLeft UIInterfaceOrientationLandscapeRight";
				INFOPLIST_KEY_UISupportedInterfaceOrientations_iPhone = "UIInterfaceOrientationPortrait UIInterfaceOrientationLandscapeLeft UIInterfaceOrientationLandscapeRight";
				LD_RUNPATH_SEARCH_PATHS = (
					"$(inherited)",
					"@executable_path/Frameworks",
				);
				MARKETING_VERSION = 1.0;
				PRODUCT_BUNDLE_IDENTIFIER = com.allymationes.MarketOnYourDoor;
				PRODUCT_NAME = "$(TARGET_NAME)";
				SWIFT_EMIT_LOC_STRINGS = YES;
				SWIFT_VERSION = 5.0;
				TARGETED_DEVICE_FAMILY = "1,2";
			};
			name = Release;
		};
/* End XCBuildConfiguration section */

/* Begin XCConfigurationList section */
		7B5D7B2D2A2E4293003A9C7B /* Build configuration list for PBXProject "MarketOnYourDoor" */ = {
			isa = XCConfigurationList;
			buildConfigurations = (
				7B5D7B3E2A2E4294003A9C7B /* Debug */,
				7B5D7B3F2A2E4294003A9C7B /* Release */,
			);
			defaultConfigurationIsVisible = 0;
			defaultConfigurationName = Release;
		};
		7B5D7B402A2E4294003A9C7B /* Build configuration list for PBXNativeTarget "MarketOnYourDoor" */ = {
			isa = XCConfigurationList;
			buildConfigurations = (
				7B5D7B412A2E4294003A9C7B /* Debug */,
				7B5D7B422A2E4294003A9C7B /* Release */,
			);
			defaultConfigurationIsVisible = 0;
			defaultConfigurationName = Release;
		};
/* End XCConfigurationList section */

/* Begin XCRemoteSwiftPackageReference section */
		7B4255EB2A3252A300600024 /* XCRemoteSwiftPackageReference "lottie-ios" */ = {
			isa = XCRemoteSwiftPackageReference;
			repositoryURL = "https://github.com/airbnb/lottie-ios.git";
			requirement = {
				kind = upToNextMajorVersion;
				minimumVersion = 4.0.0;
			};
		};
/* End XCRemoteSwiftPackageReference section */

/* Begin XCSwiftPackageProductDependency section */
		7B4255EC2A3252A300600024 /* Lottie */ = {
			isa = XCSwiftPackageProductDependency;
			package = 7B4255EB2A3252A300600024 /* XCRemoteSwiftPackageReference "lottie-ios" */;
			productName = Lottie;
		};
/* End XCSwiftPackageProductDependency section */
	};
	rootObject = 7B5D7B2A2A2E4293003A9C7B /* Project object */;
}
